// !$*UTF8*$!
{
	archiveVersion = 1;
	classes = {
	};
	objectVersion = 50;
	objects = {

/* Begin PBXBuildFile section */
		AE0394D325158CD600D4C165 /* AppDelegate.swift in Sources */ = {isa = PBXBuildFile; fileRef = AE0394D225158CD600D4C165 /* AppDelegate.swift */; };
		AE0394D525158CD600D4C165 /* SceneDelegate.swift in Sources */ = {isa = PBXBuildFile; fileRef = AE0394D425158CD600D4C165 /* SceneDelegate.swift */; };
		AE0394D725158CD600D4C165 /* ViewController.swift in Sources */ = {isa = PBXBuildFile; fileRef = AE0394D625158CD600D4C165 /* ViewController.swift */; };
		AE0394DA25158CD600D4C165 /* Main.storyboard in Resources */ = {isa = PBXBuildFile; fileRef = AE0394D825158CD600D4C165 /* Main.storyboard */; };
		AE0394DC25158CD700D4C165 /* Assets.xcassets in Resources */ = {isa = PBXBuildFile; fileRef = AE0394DB25158CD700D4C165 /* Assets.xcassets */; };
		AE0394DF25158CD700D4C165 /* LaunchScreen.storyboard in Resources */ = {isa = PBXBuildFile; fileRef = AE0394DD25158CD700D4C165 /* LaunchScreen.storyboard */; };
		AE0394E72515968000D4C165 /* DetailsViewController.swift in Sources */ = {isa = PBXBuildFile; fileRef = AE0394E62515968000D4C165 /* DetailsViewController.swift */; };
		AE0394E9251596FE00D4C165 /* MusicStruct.swift in Sources */ = {isa = PBXBuildFile; fileRef = AE0394E8251596FE00D4C165 /* MusicStruct.swift */; };
		AE0394EF2515A50D00D4C165 /* speechless.mp3 in Resources */ = {isa = PBXBuildFile; fileRef = AE0394EA2515A50D00D4C165 /* speechless.mp3 */; };
		AE0394F02515A50D00D4C165 /* golden.mp3 in Resources */ = {isa = PBXBuildFile; fileRef = AE0394EB2515A50D00D4C165 /* golden.mp3 */; };
		AE0394F12515A50D00D4C165 /* shapeofyou.mp3 in Resources */ = {isa = PBXBuildFile; fileRef = AE0394EC2515A50D00D4C165 /* shapeofyou.mp3 */; };
		AE0394F22515A50D00D4C165 /* stitches.mp3 in Resources */ = {isa = PBXBuildFile; fileRef = AE0394ED2515A50D00D4C165 /* stitches.mp3 */; };
		AE0394F32515A50D00D4C165 /* headspace.mp3 in Resources */ = {isa = PBXBuildFile; fileRef = AE0394EE2515A50D00D4C165 /* headspace.mp3 */; };
/* End PBXBuildFile section */

/* Begin PBXFileReference section */
		AE0394CF25158CD600D4C165 /* iOSHw4.app */ = {isa = PBXFileReference; explicitFileType = wrapper.application; includeInIndex = 0; path = iOSHw4.app; sourceTree = BUILT_PRODUCTS_DIR; };
		AE0394D225158CD600D4C165 /* AppDelegate.swift */ = {isa = PBXFileReference; lastKnownFileType = sourcecode.swift; path = AppDelegate.swift; sourceTree = "<group>"; };
		AE0394D425158CD600D4C165 /* SceneDelegate.swift */ = {isa = PBXFileReference; lastKnownFileType = sourcecode.swift; path = SceneDelegate.swift; sourceTree = "<group>"; };
		AE0394D625158CD600D4C165 /* ViewController.swift */ = {isa = PBXFileReference; lastKnownFileType = sourcecode.swift; path = ViewController.swift; sourceTree = "<group>"; };
		AE0394D925158CD600D4C165 /* Base */ = {isa = PBXFileReference; lastKnownFileType = file.storyboard; name = Base; path = Base.lproj/Main.storyboard; sourceTree = "<group>"; };
		AE0394DB25158CD700D4C165 /* Assets.xcassets */ = {isa = PBXFileReference; lastKnownFileType = folder.assetcatalog; path = Assets.xcassets; sourceTree = "<group>"; };
		AE0394DE25158CD700D4C165 /* Base */ = {isa = PBXFileReference; lastKnownFileType = file.storyboard; name = Base; path = Base.lproj/LaunchScreen.storyboard; sourceTree = "<group>"; };
		AE0394E025158CD700D4C165 /* Info.plist */ = {isa = PBXFileReference; lastKnownFileType = text.plist.xml; path = Info.plist; sourceTree = "<group>"; };
		AE0394E62515968000D4C165 /* DetailsViewController.swift */ = {isa = PBXFileReference; lastKnownFileType = sourcecode.swift; path = DetailsViewController.swift; sourceTree = "<group>"; };
		AE0394E8251596FE00D4C165 /* MusicStruct.swift */ = {isa = PBXFileReference; lastKnownFileType = sourcecode.swift; path = MusicStruct.swift; sourceTree = "<group>"; };
		AE0394EA2515A50D00D4C165 /* speechless.mp3 */ = {isa = PBXFileReference; lastKnownFileType = audio.mp3; path = speechless.mp3; sourceTree = "<group>"; };
		AE0394EB2515A50D00D4C165 /* golden.mp3 */ = {isa = PBXFileReference; lastKnownFileType = audio.mp3; path = golden.mp3; sourceTree = "<group>"; };
		AE0394EC2515A50D00D4C165 /* shapeofyou.mp3 */ = {isa = PBXFileReference; lastKnownFileType = audio.mp3; path = shapeofyou.mp3; sourceTree = "<group>"; };
		AE0394ED2515A50D00D4C165 /* stitches.mp3 */ = {isa = PBXFileReference; lastKnownFileType = audio.mp3; path = stitches.mp3; sourceTree = "<group>"; };
		AE0394EE2515A50D00D4C165 /* headspace.mp3 */ = {isa = PBXFileReference; lastKnownFileType = audio.mp3; path = headspace.mp3; sourceTree = "<group>"; };
/* End PBXFileReference section */

/* Begin PBXFrameworksBuildPhase section */
		AE0394CC25158CD600D4C165 /* Frameworks */ = {
			isa = PBXFrameworksBuildPhase;
			buildActionMask = 2147483647;
			files = (
			);
			runOnlyForDeploymentPostprocessing = 0;
		};
/* End PBXFrameworksBuildPhase section */

/* Begin PBXGroup section */
		AE0394C625158CD600D4C165 = {
			isa = PBXGroup;
			children = (
				AE0394D125158CD600D4C165 /* iOSHw4 */,
				AE0394D025158CD600D4C165 /* Products */,
			);
			sourceTree = "<group>";
		};
		AE0394D025158CD600D4C165 /* Products */ = {
			isa = PBXGroup;
			children = (
				AE0394CF25158CD600D4C165 /* iOSHw4.app */,
			);
			name = Products;
			sourceTree = "<group>";
		};
		AE0394D125158CD600D4C165 /* iOSHw4 */ = {
			isa = PBXGroup;
			children = (
				AE0394D225158CD600D4C165 /* AppDelegate.swift */,
				AE0394D425158CD600D4C165 /* SceneDelegate.swift */,
				AE0394D625158CD600D4C165 /* ViewController.swift */,
				AE0394D825158CD600D4C165 /* Main.storyboard */,
				AE0394E8251596FE00D4C165 /* MusicStruct.swift */,
				AE0394E62515968000D4C165 /* DetailsViewController.swift */,
				AE0394DB25158CD700D4C165 /* Assets.xcassets */,
				AE0394F42515A51900D4C165 /* music */,
				AE0394DD25158CD700D4C165 /* LaunchScreen.storyboard */,
				AE0394E025158CD700D4C165 /* Info.plist */,
			);
			path = iOSHw4;
			sourceTree = "<group>";
		};
		AE0394F42515A51900D4C165 /* music */ = {
			isa = PBXGroup;
			children = (
				AE0394EE2515A50D00D4C165 /* headspace.mp3 */,
				AE0394EC2515A50D00D4C165 /* shapeofyou.mp3 */,
				AE0394EA2515A50D00D4C165 /* speechless.mp3 */,
				AE0394ED2515A50D00D4C165 /* stitches.mp3 */,
				AE0394EB2515A50D00D4C165 /* golden.mp3 */,
			);
			path = music;
			sourceTree = "<group>";
		};
/* End PBXGroup section */

/* Begin PBXNativeTarget section */
		AE0394CE25158CD600D4C165 /* iOSHw4 */ = {
			isa = PBXNativeTarget;
			buildConfigurationList = AE0394E325158CD700D4C165 /* Build configuration list for PBXNativeTarget "iOSHw4" */;
			buildPhases = (
				AE0394CB25158CD600D4C165 /* Sources */,
				AE0394CC25158CD600D4C165 /* Frameworks */,
				AE0394CD25158CD600D4C165 /* Resources */,
			);
			buildRules = (
			);
			dependencies = (
			);
			name = iOSHw4;
			productName = iOSHw4;
			productReference = AE0394CF25158CD600D4C165 /* iOSHw4.app */;
			productType = "com.apple.product-type.application";
		};
/* End PBXNativeTarget section */

/* Begin PBXProject section */
		AE0394C725158CD600D4C165 /* Project object */ = {
			isa = PBXProject;
			attributes = {
				LastSwiftUpdateCheck = 1170;
				LastUpgradeCheck = 1170;
				ORGANIZATIONNAME = "Bodour Alrashidi";
				TargetAttributes = {
					AE0394CE25158CD600D4C165 = {
						CreatedOnToolsVersion = 11.7;
					};
				};
			};
			buildConfigurationList = AE0394CA25158CD600D4C165 /* Build configuration list for PBXProject "iOSHw4" */;
			compatibilityVersion = "Xcode 9.3";
			developmentRegion = en;
			hasScannedForEncodings = 0;
			knownRegions = (
				en,
				Base,
			);
			mainGroup = AE0394C625158CD600D4C165;
			productRefGroup = AE0394D025158CD600D4C165 /* Products */;
			projectDirPath = "";
			projectRoot = "";
			targets = (
				AE0394CE25158CD600D4C165 /* iOSHw4 */,
			);
		};
/* End PBXProject section */

/* Begin PBXResourcesBuildPhase section */
		AE0394CD25158CD600D4C165 /* Resources */ = {
			isa = PBXResourcesBuildPhase;
			buildActionMask = 2147483647;
			files = (
				AE0394DF25158CD700D4C165 /* LaunchScreen.storyboard in Resources */,
				AE0394F32515A50D00D4C165 /* headspace.mp3 in Resources */,
				AE0394DC25158CD700D4C165 /* Assets.xcassets in Resources */,
				AE0394DA25158CD600D4C165 /* Main.storyboard in Resources */,
				AE0394F02515A50D00D4C165 /* golden.mp3 in Resources */,
				AE0394F22515A50D00D4C165 /* stitches.mp3 in Resources */,
				AE0394EF2515A50D00D4C165 /* speechless.mp3 in Resources */,
				AE0394F12515A50D00D4C165 /* shapeofyou.mp3 in Resources */,
			);
			runOnlyForDeploymentPostprocessing = 0;
		};
/* End PBXResourcesBuildPhase section */

/* Begin PBXSourcesBuildPhase section */
		AE0394CB25158CD600D4C165 /* Sources */ = {
			isa = PBXSourcesBuildPhase;
			buildActionMask = 2147483647;
			files = (
				AE0394D725158CD600D4C165 /* ViewController.swift in Sources */,
				AE0394D325158CD600D4C165 /* AppDelegate.swift in Sources */,
				AE0394D525158CD600D4C165 /* SceneDelegate.swift in Sources */,
				AE0394E72515968000D4C165 /* DetailsViewController.swift in Sources */,
				AE0394E9251596FE00D4C165 /* MusicStruct.swift in Sources */,
			);
			runOnlyForDeploymentPostprocessing = 0;
		};
/* End PBXSourcesBuildPhase section */

/* Begin PBXVariantGroup section */
		AE0394D825158CD600D4C165 /* Main.storyboard */ = {
			isa = PBXVariantGroup;
			children = (
				AE0394D925158CD600D4C165 /* Base */,
			);
			name = Main.storyboard;
			sourceTree = "<group>";
		};
		AE0394DD25158CD700D4C165 /* LaunchScreen.storyboard */ = {
			isa = PBXVariantGroup;
			children = (
				AE0394DE25158CD700D4C165 /* Base */,
			);
			name = LaunchScreen.storyboard;
			sourceTree = "<group>";
		};
/* End PBXVariantGroup section */

/* Begin XCBuildConfiguration section */
		AE0394E125158CD700D4C165 /* Debug */ = {
			isa = XCBuildConfiguration;
			buildSettings = {
				ALWAYS_SEARCH_USER_PATHS = NO;
				CLANG_ANALYZER_NONNULL = YES;
				CLANG_ANALYZER_NUMBER_OBJECT_CONVERSION = YES_AGGRESSIVE;
				CLANG_CXX_LANGUAGE_STANDARD = "gnu++14";
				CLANG_CXX_LIBRARY = "libc++";
				CLANG_ENABLE_MODULES = YES;
				CLANG_ENABLE_OBJC_ARC = YES;
				CLANG_ENABLE_OBJC_WEAK = YES;
				CLANG_WARN_BLOCK_CAPTURE_AUTORELEASING = YES;
				CLANG_WARN_BOOL_CONVERSION = YES;
				CLANG_WARN_COMMA = YES;
				CLANG_WARN_CONSTANT_CONVERSION = YES;
				CLANG_WARN_DEPRECATED_OBJC_IMPLEMENTATIONS = YES;
				CLANG_WARN_DIRECT_OBJC_ISA_USAGE = YES_ERROR;
				CLANG_WARN_DOCUMENTATION_COMMENTS = YES;
				CLANG_WARN_EMPTY_BODY = YES;
				CLANG_WARN_ENUM_CONVERSION = YES;
				CLANG_WARN_INFINITE_RECURSION = YES;
				CLANG_WARN_INT_CONVERSION = YES;
				CLANG_WARN_NON_LITERAL_NULL_CONVERSION = YES;
				CLANG_WARN_OBJC_IMPLICIT_RETAIN_SELF = YES;
				CLANG_WARN_OBJC_LITERAL_CONVERSION = YES;
				CLANG_WARN_OBJC_ROOT_CLASS = YES_ERROR;
				CLANG_WARN_RANGE_LOOP_ANALYSIS = YES;
				CLANG_WARN_STRICT_PROTOTYPES = YES;
				CLANG_WARN_SUSPICIOUS_MOVE = YES;
				CLANG_WARN_UNGUARDED_AVAILABILITY = YES_AGGRESSIVE;
				CLANG_WARN_UNREACHABLE_CODE = YES;
				CLANG_WARN__DUPLICATE_METHOD_MATCH = YES;
				COPY_PHASE_STRIP = NO;
				DEBUG_INFORMATION_FORMAT = dwarf;
				ENABLE_STRICT_OBJC_MSGSEND = YES;
				ENABLE_TESTABILITY = YES;
				GCC_C_LANGUAGE_STANDARD = gnu11;
				GCC_DYNAMIC_NO_PIC = NO;
				GCC_NO_COMMON_BLOCKS = YES;
				GCC_OPTIMIZATION_LEVEL = 0;
				GCC_PREPROCESSOR_DEFINITIONS = (
					"DEBUG=1",
					"$(inherited)",
				);
				GCC_WARN_64_TO_32_BIT_CONVERSION = YES;
				GCC_WARN_ABOUT_RETURN_TYPE = YES_ERROR;
				GCC_WARN_UNDECLARED_SELECTOR = YES;
				GCC_WARN_UNINITIALIZED_AUTOS = YES_AGGRESSIVE;
				GCC_WARN_UNUSED_FUNCTION = YES;
				GCC_WARN_UNUSED_VARIABLE = YES;
				IPHONEOS_DEPLOYMENT_TARGET = 13.7;
				MTL_ENABLE_DEBUG_INFO = INCLUDE_SOURCE;
				MTL_FAST_MATH = YES;
				ONLY_ACTIVE_ARCH = YES;
				SDKROOT = iphoneos;
				SWIFT_ACTIVE_COMPILATION_CONDITIONS = DEBUG;
				SWIFT_OPTIMIZATION_LEVEL = "-Onone";
			};
			name = Debug;
		};
		AE0394E225158CD700D4C165 /* Release */ = {
			isa = XCBuildConfiguration;
			buildSettings = {
				ALWAYS_SEARCH_USER_PATHS = NO;
				CLANG_ANALYZER_NONNULL = YES;
				CLANG_ANALYZER_NUMBER_OBJECT_CONVERSION = YES_AGGRESSIVE;
				CLANG_CXX_LANGUAGE_STANDARD = "gnu++14";
				CLANG_CXX_LIBRARY = "libc++";
				CLANG_ENABLE_MODULES = YES;
				CLANG_ENABLE_OBJC_ARC = YES;
				CLANG_ENABLE_OBJC_WEAK = YES;
				CLANG_WARN_BLOCK_CAPTURE_AUTORELEASING = YES;
				CLANG_WARN_BOOL_CONVERSION = YES;
				CLANG_WARN_COMMA = YES;
				CLANG_WARN_CONSTANT_CONVERSION = YES;
				CLANG_WARN_DEPRECATED_OBJC_IMPLEMENTATIONS = YES;
				CLANG_WARN_DIRECT_OBJC_ISA_USAGE = YES_ERROR;
				CLANG_WARN_DOCUMENTATION_COMMENTS = YES;
				CLANG_WARN_EMPTY_BODY = YES;
				CLANG_WARN_ENUM_CONVERSION = YES;
				CLANG_WARN_INFINITE_RECURSION = YES;
				CLANG_WARN_INT_CONVERSION = YES;
				CLANG_WARN_NON_LITERAL_NULL_CONVERSION = YES;
				CLANG_WARN_OBJC_IMPLICIT_RETAIN_SELF = YES;
				CLANG_WARN_OBJC_LITERAL_CONVERSION = YES;
				CLANG_WARN_OBJC_ROOT_CLASS = YES_ERROR;
				CLANG_WARN_RANGE_LOOP_ANALYSIS = YES;
				CLANG_WARN_STRICT_PROTOTYPES = YES;
				CLANG_WARN_SUSPICIOUS_MOVE = YES;
				CLANG_WARN_UNGUARDED_AVAILABILITY = YES_AGGRESSIVE;
				CLANG_WARN_UNREACHABLE_CODE = YES;
				CLANG_WARN__DUPLICATE_METHOD_MATCH = YES;
				COPY_PHASE_STRIP = NO;
				DEBUG_INFORMATION_FORMAT = "dwarf-with-dsym";
				ENABLE_NS_ASSERTIONS = NO;
				ENABLE_STRICT_OBJC_MSGSEND = YES;
				GCC_C_LANGUAGE_STANDARD = gnu11;
				GCC_NO_COMMON_BLOCKS = YES;
				GCC_WARN_64_TO_32_BIT_CONVERSION = YES;
				GCC_WARN_ABOUT_RETURN_TYPE = YES_ERROR;
				GCC_WARN_UNDECLARED_SELECTOR = YES;
				GCC_WARN_UNINITIALIZED_AUTOS = YES_AGGRESSIVE;
				GCC_WARN_UNUSED_FUNCTION = YES;
				GCC_WARN_UNUSED_VARIABLE = YES;
				IPHONEOS_DEPLOYMENT_TARGET = 13.7;
				MTL_ENABLE_DEBUG_INFO = NO;
				MTL_FAST_MATH = YES;
				SDKROOT = iphoneos;
				SWIFT_COMPILATION_MODE = wholemodule;
				SWIFT_OPTIMIZATION_LEVEL = "-O";
				VALIDATE_PRODUCT = YES;
			};
			name = Release;
		};
		AE0394E425158CD700D4C165 /* Debug */ = {
			isa = XCBuildConfiguration;
			buildSettings = {
				ASSETCATALOG_COMPILER_APPICON_NAME = AppIcon;
				CODE_SIGN_STYLE = Automatic;
				INFOPLIST_FILE = iOSHw4/Info.plist;
				LD_RUNPATH_SEARCH_PATHS = (
					"$(inherited)",
					"@executable_path/Frameworks",
				);
				PRODUCT_BUNDLE_IDENTIFIER = com.Bea.iOSHw4;
				PRODUCT_NAME = "$(TARGET_NAME)";
				SWIFT_VERSION = 5.0;
				TARGETED_DEVICE_FAMILY = "1,2";
			};
			name = Debug;
		};
		AE0394E525158CD700D4C165 /* Release */ = {
			isa = XCBuildConfiguration;
			buildSettings = {
				ASSETCATALOG_COMPILER_APPICON_NAME = AppIcon;
				CODE_SIGN_STYLE = Automatic;
				INFOPLIST_FILE = iOSHw4/Info.plist;
				LD_RUNPATH_SEARCH_PATHS = (
					"$(inherited)",
					"@executable_path/Frameworks",
				);
				PRODUCT_BUNDLE_IDENTIFIER = com.Bea.iOSHw4;
				PRODUCT_NAME = "$(TARGET_NAME)";
				SWIFT_VERSION = 5.0;
				TARGETED_DEVICE_FAMILY = "1,2";
			};
			name = Release;
		};
/* End XCBuildConfiguration section */

/* Begin XCConfigurationList section */
		AE0394CA25158CD600D4C165 /* Build configuration list for PBXProject "iOSHw4" */ = {
			isa = XCConfigurationList;
			buildConfigurations = (
				AE0394E125158CD700D4C165 /* Debug */,
				AE0394E225158CD700D4C165 /* Release */,
			);
			defaultConfigurationIsVisible = 0;
			defaultConfigurationName = Release;
		};
		AE0394E325158CD700D4C165 /* Build configuration list for PBXNativeTarget "iOSHw4" */ = {
			isa = XCConfigurationList;
			buildConfigurations = (
				AE0394E425158CD700D4C165 /* Debug */,
				AE0394E525158CD700D4C165 /* Release */,
			);
			defaultConfigurationIsVisible = 0;
			defaultConfigurationName = Release;
		};
/* End XCConfigurationList section */
	};
	rootObject = AE0394C725158CD600D4C165 /* Project object */;
}
